
Microsoft Visual Studio Solution File, Format Version 12.00
# Visual Studio Version 16
VisualStudioVersion = 16.0.31729.503
MinimumVisualStudioVersion = 10.0.40219.1
Project("{8BC9CEB8-8B4A-11D0-8D11-00A0C91BC942}") = "TD1", "TD1\TD1.vcxproj", "{C75B3575-8AC8-4F7F-8D3B-6851EFFA1052}"
EndProject
Project("{8BC9CEB8-8B4A-11D0-8D11-00A0C91BC942}") = "Ex3", "Ex3\Ex3.vcxproj", "{A042AA19-E6CC-4F98-BB88-7D8BD6EE6C54}"
EndProject
Project("{8BC9CEB8-8B4A-11D0-8D11-00A0C91BC942}") = "Ex2", "Ex2\Ex2.vcxproj", "{E26A9255-28AA-4117-BE98-A954424F2805}"
EndProject
Global
	GlobalSection(SolutionConfigurationPlatforms) = preSolution
		Debug|x64 = Debug|x64
		Debug|x86 = Debug|x86
		Release|x64 = Release|x64
		Release|x86 = Release|x86
	EndGlobalSection
	GlobalSection(ProjectConfigurationPlatforms) = postSolution
		{C75B3575-8AC8-4F7F-8D3B-6851EFFA1052}.Debug|x64.ActiveCfg = Debug|x64
		{C75B3575-8AC8-4F7F-8D3B-6851EFFA1052}.Debug|x64.Build.0 = Debug|x64
		{C75B3575-8AC8-4F7F-8D3B-6851EFFA1052}.Debug|x86.ActiveCfg = Debug|Win32
		{C75B3575-8AC8-4F7F-8D3B-6851EFFA1052}.Debug|x86.Build.0 = Debug|Win32
		{C75B3575-8AC8-4F7F-8D3B-6851EFFA1052}.Release|x64.ActiveCfg = Release|x64
		{C75B3575-8AC8-4F7F-8D3B-6851EFFA1052}.Release|x64.Build.0 = Release|x64
		{C75B3575-8AC8-4F7F-8D3B-6851EFFA1052}.Release|x86.ActiveCfg = Release|Win32
		{C75B3575-8AC8-4F7F-8D3B-6851EFFA1052}.Release|x86.Build.0 = Release|Win32
		{A042AA19-E6CC-4F98-BB88-7D8BD6EE6C54}.Debug|x64.ActiveCfg = Debug|x64
		{A042AA19-E6CC-4F98-BB88-7D8BD6EE6C54}.Debug|x64.Build.0 = Debug|x64
		{A042AA19-E6CC-4F98-BB88-7D8BD6EE6C54}.Debug|x86.ActiveCfg = Debug|Win32
		{A042AA19-E6CC-4F98-BB88-7D8BD6EE6C54}.Debug|x86.Build.0 = Debug|Win32
		{A042AA19-E6CC-4F98-BB88-7D8BD6EE6C54}.Release|x64.ActiveCfg = Release|x64
		{A042AA19-E6CC-4F98-BB88-7D8BD6EE6C54}.Release|x64.Build.0 = Release|x64
		{A042AA19-E6CC-4F98-BB88-7D8BD6EE6C54}.Release|x86.ActiveCfg = Release|Win32
		{A042AA19-E6CC-4F98-BB88-7D8BD6EE6C54}.Release|x86.Build.0 = Release|Win32
		{E26A9255-28AA-4117-BE98-A954424F2805}.Debug|x64.ActiveCfg = Debug|x64
		{E26A9255-28AA-4117-BE98-A954424F2805}.Debug|x64.Build.0 = Debug|x64
		{E26A9255-28AA-4117-BE98-A954424F2805}.Debug|x86.ActiveCfg = Debug|Win32
		{E26A9255-28AA-4117-BE98-A954424F2805}.Debug|x86.Build.0 = Debug|Win32
		{E26A9255-28AA-4117-BE98-A954424F2805}.Release|x64.ActiveCfg = Release|x64
		{E26A9255-28AA-4117-BE98-A954424F2805}.Release|x64.Build.0 = Release|x64
		{E26A9255-28AA-4117-BE98-A954424F2805}.Release|x86.ActiveCfg = Release|Win32
		{E26A9255-28AA-4117-BE98-A954424F2805}.Release|x86.Build.0 = Release|Win32
	EndGlobalSection
	GlobalSection(SolutionProperties) = preSolution
		HideSolutionNode = FALSE
	EndGlobalSection
	GlobalSection(ExtensibilityGlobals) = postSolution
		SolutionGuid = {0AE1059B-9EE3-4CC7-9BB3-3917BE1D8441}
	EndGlobalSection
EndGlobal
